# This file was autogenerated by Stack.
# You should not edit this file by hand.
# For more information, please see the documentation at:
#   https://docs.haskellstack.org/en/stable/lock_files

packages:
- completed:
    hackage: flux-monoid-0.1.0.0@sha256:c428dc47c6fcc52a3e5ce30ef4c97a2afccb3d2a0663bc4bd525f470ba6deb24,683
    pantry-tree:
      size: 266
      sha256: ead2cd1cceaa16f15a7f6babae14befa97c8e8b513817f16282322258771a607
  original:
    hackage: flux-monoid-0.1.0.0@sha256:c428dc47c6fcc52a3e5ce30ef4c97a2afccb3d2a0663bc4bd525f470ba6deb24,683
snapshots:
- completed:
    size: 523448
    url: https://raw.githubusercontent.com/commercialhaskell/stackage-snapshots/master/lts/14/1.yaml
    sha256: 0045b9bae36c3bb2dd374c29b586389845af1557eea0423958d152fc500d4fbf
  original: lts-14.1
