# This file was autogenerated by Stack.
# You should not edit this file by hand.
# For more information, please see the documentation at:
#   https://docs.haskellstack.org/en/stable/lock_files

packages:
- completed:
    cabal-file:
      size: 30131
      sha256: 650bc2a3ea114d32b4cbe321d002d89de08d508692cf36092386953790e27ecc
    name: streamly
    version: 0.6.1
    git: https://github.com/composewell/streamly
    pantry-tree:
      size: 9380
      sha256: 7df3a3202b7f3878f853210dd363ca065456298bb74acd729ec0fa11b5eee3b4
    commit: 0e98baf0132ca19d783e6a65b24d4e866b6d587a
  original:
    git: https://github.com/composewell/streamly
    commit: 0e98baf0132ca19d783e6a65b24d4e866b6d587a
- completed:
    hackage: hedgehog-classes-0.2.4@sha256:f38ce9900e03e45108cb0f27860b8bf3671e0261d5e2197b4fa1bc27acb77df7,5355
    pantry-tree:
      size: 5059
      sha256: a294760bf52590c0998b139993d53169aa4a6f031f8d2e130c6d1742e82e0c71
  original:
    hackage: hedgehog-classes-0.2.4@sha256:f38ce9900e03e45108cb0f27860b8bf3671e0261d5e2197b4fa1bc27acb77df7,5355
snapshots:
- completed:
    size: 523448
    url: https://raw.githubusercontent.com/commercialhaskell/stackage-snapshots/master/lts/14/1.yaml
    sha256: 0045b9bae36c3bb2dd374c29b586389845af1557eea0423958d152fc500d4fbf
  original: lts-14.1
